// !$*UTF8*$!
{
	archiveVersion = 1;
	classes = {
	};
	objectVersion = 46;
	objects = {

/* Begin PBXBuildFile section */
		61056FAA1AD7C46C0097977A /* Comments-26a.png in Resources */ = {isa = PBXBuildFile; fileRef = 61056FA91AD7C46C0097977A /* Comments-26a.png */; };
		61157AD61AD616A50074C6B6 /* ELCAlbumPickerController.m in Sources */ = {isa = PBXBuildFile; fileRef = 61157AC01AD616A50074C6B6 /* ELCAlbumPickerController.m */; };
		61157AD71AD616A50074C6B6 /* ELCAsset.m in Sources */ = {isa = PBXBuildFile; fileRef = 61157AC21AD616A50074C6B6 /* ELCAsset.m */; };
		61157AD81AD616A50074C6B6 /* ELCAssetCell.m in Sources */ = {isa = PBXBuildFile; fileRef = 61157AC41AD616A50074C6B6 /* ELCAssetCell.m */; };
		61157AD91AD616A50074C6B6 /* ELCAssetTablePicker.m in Sources */ = {isa = PBXBuildFile; fileRef = 61157AC81AD616A50074C6B6 /* ELCAssetTablePicker.m */; };
		61157ADA1AD616A50074C6B6 /* ELCConsole.m in Sources */ = {isa = PBXBuildFile; fileRef = 61157ACA1AD616A50074C6B6 /* ELCConsole.m */; };
		61157ADB1AD616A50074C6B6 /* ELCImagePickerController.m in Sources */ = {isa = PBXBuildFile; fileRef = 61157ACC1AD616A50074C6B6 /* ELCImagePickerController.m */; };
		61157ADC1AD616A50074C6B6 /* ELCOverlayImageView.m in Sources */ = {isa = PBXBuildFile; fileRef = 61157ACF1AD616A50074C6B6 /* ELCOverlayImageView.m */; };
		61157ADD1AD616A50074C6B6 /* ELCAlbumPickerController.xib in Resources */ = {isa = PBXBuildFile; fileRef = 61157AD11AD616A50074C6B6 /* ELCAlbumPickerController.xib */; };
		61157ADE1AD616A50074C6B6 /* ELCAssetPicker.xib in Resources */ = {isa = PBXBuildFile; fileRef = 61157AD21AD616A50074C6B6 /* ELCAssetPicker.xib */; };
		61157ADF1AD616A50074C6B6 /* ELCAssetTablePicker.xib in Resources */ = {isa = PBXBuildFile; fileRef = 61157AD31AD616A50074C6B6 /* ELCAssetTablePicker.xib */; };
		61157AE01AD616A50074C6B6 /* Overlay.png in Resources */ = {isa = PBXBuildFile; fileRef = 61157AD41AD616A50074C6B6 /* Overlay.png */; };
		61157AE11AD616A50074C6B6 /* Overlay@2x.png in Resources */ = {isa = PBXBuildFile; fileRef = 61157AD51AD616A50074C6B6 /* Overlay@2x.png */; };
		61157AED1AD658460074C6B6 /* New-32.png in Resources */ = {isa = PBXBuildFile; fileRef = 61157AEC1AD658460074C6B6 /* New-32.png */; };
		61157AF01AD658BC0074C6B6 /* Photo Filled-32.png in Resources */ = {isa = PBXBuildFile; fileRef = 61157AEE1AD658BC0074C6B6 /* Photo Filled-32.png */; };
		61157AF11AD658BC0074C6B6 /* Stack Of Photos Filled-32.png in Resources */ = {isa = PBXBuildFile; fileRef = 61157AEF1AD658BC0074C6B6 /* Stack Of Photos Filled-32.png */; };
		61157AF31AD65EE80074C6B6 /* UploadCtrl.swift in Sources */ = {isa = PBXBuildFile; fileRef = 61157AF21AD65EE80074C6B6 /* UploadCtrl.swift */; };
		61157AF51AD65F200074C6B6 /* EmptyCtrl.swift in Sources */ = {isa = PBXBuildFile; fileRef = 61157AF41AD65F200074C6B6 /* EmptyCtrl.swift */; };
		611D9B611ADB574A00456B7F /* LoginViewCtrl.swift in Sources */ = {isa = PBXBuildFile; fileRef = 611D9B601ADB574A00456B7F /* LoginViewCtrl.swift */; };
		6122830C1ACB95900053654A /* KeyChain.swift in Sources */ = {isa = PBXBuildFile; fileRef = 6122830B1ACB95900053654A /* KeyChain.swift */; };
		6123A7D71AC4FEE200888C6C /* DetailViewCtrl.swift in Sources */ = {isa = PBXBuildFile; fileRef = 6123A7D61AC4FEE200888C6C /* DetailViewCtrl.swift */; };
		612CE05B1AD52B0400B99541 /* AssetsLibrary.framework in Frameworks */ = {isa = PBXBuildFile; fileRef = 612CE05A1AD52B0400B99541 /* AssetsLibrary.framework */; };
		612CE05D1AD5357100B99541 /* Launch Screen.xib in Resources */ = {isa = PBXBuildFile; fileRef = 612CE05C1AD5357100B99541 /* Launch Screen.xib */; };
		61351F721AD76B20009705DB /* LastNewsCtrl.swift in Sources */ = {isa = PBXBuildFile; fileRef = 61351F711AD76B20009705DB /* LastNewsCtrl.swift */; };
		613BC6B21ADCB19D005B783F /* TabBarCtrl.swift in Sources */ = {isa = PBXBuildFile; fileRef = 613BC6B11ADCB19D005B783F /* TabBarCtrl.swift */; };
		61456D3D1ACD37E1008B976A /* CustomCell.swift in Sources */ = {isa = PBXBuildFile; fileRef = 61456D3C1ACD37E1008B976A /* CustomCell.swift */; };
		614C037F1ADFB37F000E6B36 /* Download From Cloud-25.png in Resources */ = {isa = PBXBuildFile; fileRef = 614C037D1ADFB37F000E6B36 /* Download From Cloud-25.png */; };
		61BFE9EB1AC3D67B00F422AB /* HttpClient.swift in Sources */ = {isa = PBXBuildFile; fileRef = 61BFE9EA1AC3D67B00F422AB /* HttpClient.swift */; };
		61BFE9ED1AC3D69F00F422AB /* Connector.swift in Sources */ = {isa = PBXBuildFile; fileRef = 61BFE9EC1AC3D69F00F422AB /* Connector.swift */; };
		61BFE9EF1AC3D6D600F422AB /* SWXMLHash.swift in Sources */ = {isa = PBXBuildFile; fileRef = 61BFE9EE1AC3D6D600F422AB /* SWXMLHash.swift */; };
		61BFE9F11AC3DB3A00F422AB /* Global.swift in Sources */ = {isa = PBXBuildFile; fileRef = 61BFE9F01AC3DB3A00F422AB /* Global.swift */; };
		61BFE9F51AC3EC9C00F422AB /* PreviewCtrl.swift in Sources */ = {isa = PBXBuildFile; fileRef = 61BFE9F41AC3EC9C00F422AB /* PreviewCtrl.swift */; };
		61C124521ADCE0530067ABDA /* Add User-32.png in Resources */ = {isa = PBXBuildFile; fileRef = 61C124511ADCE0530067ABDA /* Add User-32.png */; };
		61C124541ADCE0EF0067ABDA /* AddChildViewCtrl.swift in Sources */ = {isa = PBXBuildFile; fileRef = 61C124531ADCE0EF0067ABDA /* AddChildViewCtrl.swift */; };
		61C1245B1ADCE5EC0067ABDA /* Keyboard-100.png in Resources */ = {isa = PBXBuildFile; fileRef = 61C124591ADCE5EC0067ABDA /* Keyboard-100.png */; };
		61C1245C1ADCE5EC0067ABDA /* QR Code-100.png in Resources */ = {isa = PBXBuildFile; fileRef = 61C1245A1ADCE5EC0067ABDA /* QR Code-100.png */; };
		61C1245E1ADCEB2A0067ABDA /* ScanViewCtrl.swift in Sources */ = {isa = PBXBuildFile; fileRef = 61C1245D1ADCEB2A0067ABDA /* ScanViewCtrl.swift */; };
		61C124601ADCEB5B0067ABDA /* KeyinViewCtrl.swift in Sources */ = {isa = PBXBuildFile; fileRef = 61C1245F1ADCEB5B0067ABDA /* KeyinViewCtrl.swift */; };
		61E9AAB21AE0D3B200288FBD /* icon2-29.png in Resources */ = {isa = PBXBuildFile; fileRef = 61E9AAA91AE0D3B200288FBD /* icon2-29.png */; };
		61E9AAB31AE0D3B200288FBD /* icon2-40.png in Resources */ = {isa = PBXBuildFile; fileRef = 61E9AAAA1AE0D3B200288FBD /* icon2-40.png */; };
		61E9AAB41AE0D3B200288FBD /* icon2-58.png in Resources */ = {isa = PBXBuildFile; fileRef = 61E9AAAB1AE0D3B200288FBD /* icon2-58.png */; };
		61E9AAB51AE0D3B200288FBD /* icon2-76.png in Resources */ = {isa = PBXBuildFile; fileRef = 61E9AAAC1AE0D3B200288FBD /* icon2-76.png */; };
		61E9AAB61AE0D3B200288FBD /* icon2-80.png in Resources */ = {isa = PBXBuildFile; fileRef = 61E9AAAD1AE0D3B200288FBD /* icon2-80.png */; };
		61E9AAB71AE0D3B200288FBD /* icon2-87.png in Resources */ = {isa = PBXBuildFile; fileRef = 61E9AAAE1AE0D3B200288FBD /* icon2-87.png */; };
		61E9AAB81AE0D3B200288FBD /* icon2-120.png in Resources */ = {isa = PBXBuildFile; fileRef = 61E9AAAF1AE0D3B200288FBD /* icon2-120.png */; };
		61E9AAB91AE0D3B200288FBD /* icon2-152.png in Resources */ = {isa = PBXBuildFile; fileRef = 61E9AAB01AE0D3B200288FBD /* icon2-152.png */; };
		61E9AABA1AE0D3B200288FBD /* icon2-180.png in Resources */ = {isa = PBXBuildFile; fileRef = 61E9AAB11AE0D3B200288FBD /* icon2-180.png */; };
		61E9AABD1AE0D5CF00288FBD /* Exit-25.png in Resources */ = {isa = PBXBuildFile; fileRef = 61E9AABB1AE0D5CF00288FBD /* Exit-25.png */; };
		61E9AABE1AE0D5CF00288FBD /* Trash-25.png in Resources */ = {isa = PBXBuildFile; fileRef = 61E9AABC1AE0D5CF00288FBD /* Trash-25.png */; };
		61E9AAC01AE11AF800288FBD /* n9.caf in Resources */ = {isa = PBXBuildFile; fileRef = 61E9AABF1AE11AF800288FBD /* n9.caf */; };
		61EE20F41ADE2EC5009DCC1E /* 1ADMIN app front-01.png in Resources */ = {isa = PBXBuildFile; fileRef = 61EE20F31ADE2EC5009DCC1E /* 1ADMIN app front-01.png */; };
		81BA814B1A49DA1800E65899 /* AppDelegate.swift in Sources */ = {isa = PBXBuildFile; fileRef = 81BA814A1A49DA1800E65899 /* AppDelegate.swift */; };
		81BA81501A49DA1800E65899 /* Main.storyboard in Resources */ = {isa = PBXBuildFile; fileRef = 81BA814E1A49DA1800E65899 /* Main.storyboard */; };
		81BA81521A49DA1800E65899 /* Images.xcassets in Resources */ = {isa = PBXBuildFile; fileRef = 81BA81511A49DA1800E65899 /* Images.xcassets */; };
		81BA81701A49DB6800E65899 /* Bolts.framework in Frameworks */ = {isa = PBXBuildFile; fileRef = 81BA816B1A49DB6800E65899 /* Bolts.framework */; };
		81BA81711A49DB6800E65899 /* Parse.framework in Frameworks */ = {isa = PBXBuildFile; fileRef = 81BA816C1A49DB6800E65899 /* Parse.framework */; };
		81BA81721A49DB6800E65899 /* ParseCrashReporting.framework in Frameworks */ = {isa = PBXBuildFile; fileRef = 81BA816D1A49DB6800E65899 /* ParseCrashReporting.framework */; };
		81BA81731A49DB6800E65899 /* ParseFacebookUtils.framework in Frameworks */ = {isa = PBXBuildFile; fileRef = 81BA816E1A49DB6800E65899 /* ParseFacebookUtils.framework */; };
		81BA81771A49E0D500E65899 /* libsqlite3.dylib in Frameworks */ = {isa = PBXBuildFile; fileRef = 81BA81761A49E0D500E65899 /* libsqlite3.dylib */; };
		81BA81791A49E0DB00E65899 /* AudioToolbox.framework in Frameworks */ = {isa = PBXBuildFile; fileRef = 81BA81781A49E0DB00E65899 /* AudioToolbox.framework */; };
		81BA817B1A49E0E500E65899 /* SystemConfiguration.framework in Frameworks */ = {isa = PBXBuildFile; fileRef = 81BA817A1A49E0E500E65899 /* SystemConfiguration.framework */; };
		81BA817D1A49E0EA00E65899 /* MobileCoreServices.framework in Frameworks */ = {isa = PBXBuildFile; fileRef = 81BA817C1A49E0EA00E65899 /* MobileCoreServices.framework */; };
		81BA817F1A49E0F000E65899 /* libstdc++.6.dylib in Frameworks */ = {isa = PBXBuildFile; fileRef = 81BA817E1A49E0F000E65899 /* libstdc++.6.dylib */; };
		81BA81811A49E10C00E65899 /* ParseUI.framework in Frameworks */ = {isa = PBXBuildFile; fileRef = 81BA81801A49E10C00E65899 /* ParseUI.framework */; };
/* End PBXBuildFile section */

/* Begin PBXFileReference section */
		61056FA91AD7C46C0097977A /* Comments-26a.png */ = {isa = PBXFileReference; lastKnownFileType = image.png; path = "Comments-26a.png"; sourceTree = "<group>"; };
		61157ABF1AD616A50074C6B6 /* ELCAlbumPickerController.h */ = {isa = PBXFileReference; fileEncoding = 4; lastKnownFileType = sourcecode.c.h; path = ELCAlbumPickerController.h; sourceTree = "<group>"; };
		61157AC01AD616A50074C6B6 /* ELCAlbumPickerController.m */ = {isa = PBXFileReference; fileEncoding = 4; lastKnownFileType = sourcecode.c.objc; path = ELCAlbumPickerController.m; sourceTree = "<group>"; };
		61157AC11AD616A50074C6B6 /* ELCAsset.h */ = {isa = PBXFileReference; fileEncoding = 4; lastKnownFileType = sourcecode.c.h; path = ELCAsset.h; sourceTree = "<group>"; };
		61157AC21AD616A50074C6B6 /* ELCAsset.m */ = {isa = PBXFileReference; fileEncoding = 4; lastKnownFileType = sourcecode.c.objc; path = ELCAsset.m; sourceTree = "<group>"; };
		61157AC31AD616A50074C6B6 /* ELCAssetCell.h */ = {isa = PBXFileReference; fileEncoding = 4; lastKnownFileType = sourcecode.c.h; path = ELCAssetCell.h; sourceTree = "<group>"; };
		61157AC41AD616A50074C6B6 /* ELCAssetCell.m */ = {isa = PBXFileReference; fileEncoding = 4; lastKnownFileType = sourcecode.c.objc; path = ELCAssetCell.m; sourceTree = "<group>"; };
		61157AC51AD616A50074C6B6 /* ELCAssetPickerFilterDelegate.h */ = {isa = PBXFileReference; fileEncoding = 4; lastKnownFileType = sourcecode.c.h; path = ELCAssetPickerFilterDelegate.h; sourceTree = "<group>"; };
		61157AC61AD616A50074C6B6 /* ELCAssetSelectionDelegate.h */ = {isa = PBXFileReference; fileEncoding = 4; lastKnownFileType = sourcecode.c.h; path = ELCAssetSelectionDelegate.h; sourceTree = "<group>"; };
		61157AC71AD616A50074C6B6 /* ELCAssetTablePicker.h */ = {isa = PBXFileReference; fileEncoding = 4; lastKnownFileType = sourcecode.c.h; path = ELCAssetTablePicker.h; sourceTree = "<group>"; };
		61157AC81AD616A50074C6B6 /* ELCAssetTablePicker.m */ = {isa = PBXFileReference; fileEncoding = 4; lastKnownFileType = sourcecode.c.objc; path = ELCAssetTablePicker.m; sourceTree = "<group>"; };
		61157AC91AD616A50074C6B6 /* ELCConsole.h */ = {isa = PBXFileReference; fileEncoding = 4; lastKnownFileType = sourcecode.c.h; path = ELCConsole.h; sourceTree = "<group>"; };
		61157ACA1AD616A50074C6B6 /* ELCConsole.m */ = {isa = PBXFileReference; fileEncoding = 4; lastKnownFileType = sourcecode.c.objc; path = ELCConsole.m; sourceTree = "<group>"; };
		61157ACB1AD616A50074C6B6 /* ELCImagePickerController.h */ = {isa = PBXFileReference; fileEncoding = 4; lastKnownFileType = sourcecode.c.h; path = ELCImagePickerController.h; sourceTree = "<group>"; };
		61157ACC1AD616A50074C6B6 /* ELCImagePickerController.m */ = {isa = PBXFileReference; fileEncoding = 4; lastKnownFileType = sourcecode.c.objc; path = ELCImagePickerController.m; sourceTree = "<group>"; };
		61157ACD1AD616A50074C6B6 /* ELCImagePickerHeader.h */ = {isa = PBXFileReference; fileEncoding = 4; lastKnownFileType = sourcecode.c.h; path = ELCImagePickerHeader.h; sourceTree = "<group>"; };
		61157ACE1AD616A50074C6B6 /* ELCOverlayImageView.h */ = {isa = PBXFileReference; fileEncoding = 4; lastKnownFileType = sourcecode.c.h; path = ELCOverlayImageView.h; sourceTree = "<group>"; };
		61157ACF1AD616A50074C6B6 /* ELCOverlayImageView.m */ = {isa = PBXFileReference; fileEncoding = 4; lastKnownFileType = sourcecode.c.objc; path = ELCOverlayImageView.m; sourceTree = "<group>"; };
		61157AD11AD616A50074C6B6 /* ELCAlbumPickerController.xib */ = {isa = PBXFileReference; fileEncoding = 4; lastKnownFileType = file.xib; path = ELCAlbumPickerController.xib; sourceTree = "<group>"; };
		61157AD21AD616A50074C6B6 /* ELCAssetPicker.xib */ = {isa = PBXFileReference; fileEncoding = 4; lastKnownFileType = file.xib; path = ELCAssetPicker.xib; sourceTree = "<group>"; };
		61157AD31AD616A50074C6B6 /* ELCAssetTablePicker.xib */ = {isa = PBXFileReference; fileEncoding = 4; lastKnownFileType = file.xib; path = ELCAssetTablePicker.xib; sourceTree = "<group>"; };
		61157AD41AD616A50074C6B6 /* Overlay.png */ = {isa = PBXFileReference; lastKnownFileType = image.png; path = Overlay.png; sourceTree = "<group>"; };
		61157AD51AD616A50074C6B6 /* Overlay@2x.png */ = {isa = PBXFileReference; lastKnownFileType = image.png; path = "Overlay@2x.png"; sourceTree = "<group>"; };
		61157AEC1AD658460074C6B6 /* New-32.png */ = {isa = PBXFileReference; lastKnownFileType = image.png; path = "New-32.png"; sourceTree = "<group>"; };
		61157AEE1AD658BC0074C6B6 /* Photo Filled-32.png */ = {isa = PBXFileReference; lastKnownFileType = image.png; path = "Photo Filled-32.png"; sourceTree = "<group>"; };
		61157AEF1AD658BC0074C6B6 /* Stack Of Photos Filled-32.png */ = {isa = PBXFileReference; lastKnownFileType = image.png; path = "Stack Of Photos Filled-32.png"; sourceTree = "<group>"; };
		61157AF21AD65EE80074C6B6 /* UploadCtrl.swift */ = {isa = PBXFileReference; fileEncoding = 4; lastKnownFileType = sourcecode.swift; name = UploadCtrl.swift; path = ../UploadCtrl.swift; sourceTree = "<group>"; };
		61157AF41AD65F200074C6B6 /* EmptyCtrl.swift */ = {isa = PBXFileReference; fileEncoding = 4; lastKnownFileType = sourcecode.swift; path = EmptyCtrl.swift; sourceTree = "<group>"; };
		611D9B601ADB574A00456B7F /* LoginViewCtrl.swift */ = {isa = PBXFileReference; fileEncoding = 4; lastKnownFileType = sourcecode.swift; path = LoginViewCtrl.swift; sourceTree = "<group>"; };
		6122830B1ACB95900053654A /* KeyChain.swift */ = {isa = PBXFileReference; fileEncoding = 4; lastKnownFileType = sourcecode.swift; path = KeyChain.swift; sourceTree = "<group>"; };
		6123A7D61AC4FEE200888C6C /* DetailViewCtrl.swift */ = {isa = PBXFileReference; fileEncoding = 4; lastKnownFileType = sourcecode.swift; path = DetailViewCtrl.swift; sourceTree = "<group>"; };
		612CE05A1AD52B0400B99541 /* AssetsLibrary.framework */ = {isa = PBXFileReference; lastKnownFileType = wrapper.framework; name = AssetsLibrary.framework; path = System/Library/Frameworks/AssetsLibrary.framework; sourceTree = SDKROOT; };
		612CE05C1AD5357100B99541 /* Launch Screen.xib */ = {isa = PBXFileReference; fileEncoding = 4; lastKnownFileType = file.xib; path = "Launch Screen.xib"; sourceTree = "<group>"; };
		61351F711AD76B20009705DB /* LastNewsCtrl.swift */ = {isa = PBXFileReference; fileEncoding = 4; lastKnownFileType = sourcecode.swift; path = LastNewsCtrl.swift; sourceTree = "<group>"; };
		613BC6B11ADCB19D005B783F /* TabBarCtrl.swift */ = {isa = PBXFileReference; fileEncoding = 4; lastKnownFileType = sourcecode.swift; path = TabBarCtrl.swift; sourceTree = "<group>"; };
		61456D3C1ACD37E1008B976A /* CustomCell.swift */ = {isa = PBXFileReference; fileEncoding = 4; lastKnownFileType = sourcecode.swift; path = CustomCell.swift; sourceTree = "<group>"; };
		614C037D1ADFB37F000E6B36 /* Download From Cloud-25.png */ = {isa = PBXFileReference; lastKnownFileType = image.png; name = "Download From Cloud-25.png"; path = "icons/Download From Cloud-25.png"; sourceTree = "<group>"; };
		61BFE9EA1AC3D67B00F422AB /* HttpClient.swift */ = {isa = PBXFileReference; fileEncoding = 4; lastKnownFileType = sourcecode.swift; path = HttpClient.swift; sourceTree = "<group>"; };
		61BFE9EC1AC3D69F00F422AB /* Connector.swift */ = {isa = PBXFileReference; fileEncoding = 4; lastKnownFileType = sourcecode.swift; path = Connector.swift; sourceTree = "<group>"; };
		61BFE9EE1AC3D6D600F422AB /* SWXMLHash.swift */ = {isa = PBXFileReference; fileEncoding = 4; lastKnownFileType = sourcecode.swift; path = SWXMLHash.swift; sourceTree = "<group>"; };
		61BFE9F01AC3DB3A00F422AB /* Global.swift */ = {isa = PBXFileReference; fileEncoding = 4; lastKnownFileType = sourcecode.swift; path = Global.swift; sourceTree = "<group>"; };
		61BFE9F41AC3EC9C00F422AB /* PreviewCtrl.swift */ = {isa = PBXFileReference; fileEncoding = 4; lastKnownFileType = sourcecode.swift; path = PreviewCtrl.swift; sourceTree = "<group>"; };
		61C124511ADCE0530067ABDA /* Add User-32.png */ = {isa = PBXFileReference; lastKnownFileType = image.png; path = "Add User-32.png"; sourceTree = "<group>"; };
		61C124531ADCE0EF0067ABDA /* AddChildViewCtrl.swift */ = {isa = PBXFileReference; fileEncoding = 4; lastKnownFileType = sourcecode.swift; path = AddChildViewCtrl.swift; sourceTree = "<group>"; };
		61C124591ADCE5EC0067ABDA /* Keyboard-100.png */ = {isa = PBXFileReference; lastKnownFileType = image.png; path = "Keyboard-100.png"; sourceTree = "<group>"; };
		61C1245A1ADCE5EC0067ABDA /* QR Code-100.png */ = {isa = PBXFileReference; lastKnownFileType = image.png; path = "QR Code-100.png"; sourceTree = "<group>"; };
		61C1245D1ADCEB2A0067ABDA /* ScanViewCtrl.swift */ = {isa = PBXFileReference; fileEncoding = 4; lastKnownFileType = sourcecode.swift; path = ScanViewCtrl.swift; sourceTree = "<group>"; };
		61C1245F1ADCEB5B0067ABDA /* KeyinViewCtrl.swift */ = {isa = PBXFileReference; fileEncoding = 4; lastKnownFileType = sourcecode.swift; path = KeyinViewCtrl.swift; sourceTree = "<group>"; };
		61E9AAA91AE0D3B200288FBD /* icon2-29.png */ = {isa = PBXFileReference; lastKnownFileType = image.png; name = "icon2-29.png"; path = "icons/app_icons/icon2-29.png"; sourceTree = "<group>"; };
		61E9AAAA1AE0D3B200288FBD /* icon2-40.png */ = {isa = PBXFileReference; lastKnownFileType = image.png; name = "icon2-40.png"; path = "icons/app_icons/icon2-40.png"; sourceTree = "<group>"; };
		61E9AAAB1AE0D3B200288FBD /* icon2-58.png */ = {isa = PBXFileReference; lastKnownFileType = image.png; name = "icon2-58.png"; path = "icons/app_icons/icon2-58.png"; sourceTree = "<group>"; };
		61E9AAAC1AE0D3B200288FBD /* icon2-76.png */ = {isa = PBXFileReference; lastKnownFileType = image.png; name = "icon2-76.png"; path = "icons/app_icons/icon2-76.png"; sourceTree = "<group>"; };
		61E9AAAD1AE0D3B200288FBD /* icon2-80.png */ = {isa = PBXFileReference; lastKnownFileType = image.png; name = "icon2-80.png"; path = "icons/app_icons/icon2-80.png"; sourceTree = "<group>"; };
		61E9AAAE1AE0D3B200288FBD /* icon2-87.png */ = {isa = PBXFileReference; lastKnownFileType = image.png; name = "icon2-87.png"; path = "icons/app_icons/icon2-87.png"; sourceTree = "<group>"; };
		61E9AAAF1AE0D3B200288FBD /* icon2-120.png */ = {isa = PBXFileReference; lastKnownFileType = image.png; name = "icon2-120.png"; path = "icons/app_icons/icon2-120.png"; sourceTree = "<group>"; };
		61E9AAB01AE0D3B200288FBD /* icon2-152.png */ = {isa = PBXFileReference; lastKnownFileType = image.png; name = "icon2-152.png"; path = "icons/app_icons/icon2-152.png"; sourceTree = "<group>"; };
		61E9AAB11AE0D3B200288FBD /* icon2-180.png */ = {isa = PBXFileReference; lastKnownFileType = image.png; name = "icon2-180.png"; path = "icons/app_icons/icon2-180.png"; sourceTree = "<group>"; };
		61E9AABB1AE0D5CF00288FBD /* Exit-25.png */ = {isa = PBXFileReference; lastKnownFileType = image.png; name = "Exit-25.png"; path = "icons/Exit-25.png"; sourceTree = "<group>"; };
		61E9AABC1AE0D5CF00288FBD /* Trash-25.png */ = {isa = PBXFileReference; lastKnownFileType = image.png; name = "Trash-25.png"; path = "icons/Trash-25.png"; sourceTree = "<group>"; };
		61E9AABF1AE11AF800288FBD /* n9.caf */ = {isa = PBXFileReference; lastKnownFileType = file; path = n9.caf; sourceTree = "<group>"; };
		61EE20F31ADE2EC5009DCC1E /* 1ADMIN app front-01.png */ = {isa = PBXFileReference; lastKnownFileType = image.png; path = "1ADMIN app front-01.png"; sourceTree = "<group>"; };
		81BA81451A49DA1800E65899 /* NanGang.app */ = {isa = PBXFileReference; explicitFileType = wrapper.application; includeInIndex = 0; path = NanGang.app; sourceTree = BUILT_PRODUCTS_DIR; };
		81BA81491A49DA1800E65899 /* Info.plist */ = {isa = PBXFileReference; lastKnownFileType = text.plist.xml; path = Info.plist; sourceTree = "<group>"; };
		81BA814A1A49DA1800E65899 /* AppDelegate.swift */ = {isa = PBXFileReference; lastKnownFileType = sourcecode.swift; path = AppDelegate.swift; sourceTree = "<group>"; };
		81BA814F1A49DA1800E65899 /* Base */ = {isa = PBXFileReference; lastKnownFileType = file.storyboard; name = Base; path = Base.lproj/Main.storyboard; sourceTree = "<group>"; };
		81BA81511A49DA1800E65899 /* Images.xcassets */ = {isa = PBXFileReference; lastKnownFileType = folder.assetcatalog; path = Images.xcassets; sourceTree = "<group>"; };
		81BA816B1A49DB6800E65899 /* Bolts.framework */ = {isa = PBXFileReference; lastKnownFileType = wrapper.framework; path = Bolts.framework; sourceTree = "<group>"; };
		81BA816C1A49DB6800E65899 /* Parse.framework */ = {isa = PBXFileReference; lastKnownFileType = wrapper.framework; path = Parse.framework; sourceTree = "<group>"; };
		81BA816D1A49DB6800E65899 /* ParseCrashReporting.framework */ = {isa = PBXFileReference; lastKnownFileType = wrapper.framework; path = ParseCrashReporting.framework; sourceTree = "<group>"; };
		81BA816E1A49DB6800E65899 /* ParseFacebookUtils.framework */ = {isa = PBXFileReference; lastKnownFileType = wrapper.framework; path = ParseFacebookUtils.framework; sourceTree = "<group>"; };
		81BA81761A49E0D500E65899 /* libsqlite3.dylib */ = {isa = PBXFileReference; lastKnownFileType = "compiled.mach-o.dylib"; name = libsqlite3.dylib; path = usr/lib/libsqlite3.dylib; sourceTree = SDKROOT; };
		81BA81781A49E0DB00E65899 /* AudioToolbox.framework */ = {isa = PBXFileReference; lastKnownFileType = wrapper.framework; name = AudioToolbox.framework; path = System/Library/Frameworks/AudioToolbox.framework; sourceTree = SDKROOT; };
		81BA817A1A49E0E500E65899 /* SystemConfiguration.framework */ = {isa = PBXFileReference; lastKnownFileType = wrapper.framework; name = SystemConfiguration.framework; path = System/Library/Frameworks/SystemConfiguration.framework; sourceTree = SDKROOT; };
		81BA817C1A49E0EA00E65899 /* MobileCoreServices.framework */ = {isa = PBXFileReference; lastKnownFileType = wrapper.framework; name = MobileCoreServices.framework; path = System/Library/Frameworks/MobileCoreServices.framework; sourceTree = SDKROOT; };
		81BA817E1A49E0F000E65899 /* libstdc++.6.dylib */ = {isa = PBXFileReference; lastKnownFileType = "compiled.mach-o.dylib"; name = "libstdc++.6.dylib"; path = "usr/lib/libstdc++.6.dylib"; sourceTree = SDKROOT; };
		81BA81801A49E10C00E65899 /* ParseUI.framework */ = {isa = PBXFileReference; lastKnownFileType = wrapper.framework; path = ParseUI.framework; sourceTree = "<group>"; };
		81BA81821A49E27F00E65899 /* ParseStarterProject-Bridging-Header.h */ = {isa = PBXFileReference; fileEncoding = 4; lastKnownFileType = sourcecode.c.h; path = "ParseStarterProject-Bridging-Header.h"; sourceTree = "<group>"; };
/* End PBXFileReference section */

/* Begin PBXFrameworksBuildPhase section */
		81BA81421A49DA1800E65899 /* Frameworks */ = {
			isa = PBXFrameworksBuildPhase;
			buildActionMask = 2147483647;
			files = (
				612CE05B1AD52B0400B99541 /* AssetsLibrary.framework in Frameworks */,
				81BA817F1A49E0F000E65899 /* libstdc++.6.dylib in Frameworks */,
				81BA817D1A49E0EA00E65899 /* MobileCoreServices.framework in Frameworks */,
				81BA817B1A49E0E500E65899 /* SystemConfiguration.framework in Frameworks */,
				81BA81791A49E0DB00E65899 /* AudioToolbox.framework in Frameworks */,
				81BA81771A49E0D500E65899 /* libsqlite3.dylib in Frameworks */,
				81BA81711A49DB6800E65899 /* Parse.framework in Frameworks */,
				81BA81721A49DB6800E65899 /* ParseCrashReporting.framework in Frameworks */,
				81BA81731A49DB6800E65899 /* ParseFacebookUtils.framework in Frameworks */,
				81BA81811A49E10C00E65899 /* ParseUI.framework in Frameworks */,
				81BA81701A49DB6800E65899 /* Bolts.framework in Frameworks */,
			);
			runOnlyForDeploymentPostprocessing = 0;
		};
/* End PBXFrameworksBuildPhase section */

/* Begin PBXGroup section */
		61157A731AD616770074C6B6 /* library */ = {
			isa = PBXGroup;
			children = (
				61157ABE1AD616A50074C6B6 /* ELCImagePicker */,
			);
			name = library;
			sourceTree = "<group>";
		};
		61157ABE1AD616A50074C6B6 /* ELCImagePicker */ = {
			isa = PBXGroup;
			children = (
				61157ABF1AD616A50074C6B6 /* ELCAlbumPickerController.h */,
				61157AC01AD616A50074C6B6 /* ELCAlbumPickerController.m */,
				61157AC11AD616A50074C6B6 /* ELCAsset.h */,
				61157AC21AD616A50074C6B6 /* ELCAsset.m */,
				61157AC31AD616A50074C6B6 /* ELCAssetCell.h */,
				61157AC41AD616A50074C6B6 /* ELCAssetCell.m */,
				61157AC51AD616A50074C6B6 /* ELCAssetPickerFilterDelegate.h */,
				61157AC61AD616A50074C6B6 /* ELCAssetSelectionDelegate.h */,
				61157AC71AD616A50074C6B6 /* ELCAssetTablePicker.h */,
				61157AC81AD616A50074C6B6 /* ELCAssetTablePicker.m */,
				61157AC91AD616A50074C6B6 /* ELCConsole.h */,
				61157ACA1AD616A50074C6B6 /* ELCConsole.m */,
				61157ACB1AD616A50074C6B6 /* ELCImagePickerController.h */,
				61157ACC1AD616A50074C6B6 /* ELCImagePickerController.m */,
				61157ACD1AD616A50074C6B6 /* ELCImagePickerHeader.h */,
				61157ACE1AD616A50074C6B6 /* ELCOverlayImageView.h */,
				61157ACF1AD616A50074C6B6 /* ELCOverlayImageView.m */,
				61157AD01AD616A50074C6B6 /* Resources */,
			);
			path = ELCImagePicker;
			sourceTree = "<group>";
		};
		61157AD01AD616A50074C6B6 /* Resources */ = {
			isa = PBXGroup;
			children = (
				61157AD11AD616A50074C6B6 /* ELCAlbumPickerController.xib */,
				61157AD21AD616A50074C6B6 /* ELCAssetPicker.xib */,
				61157AD31AD616A50074C6B6 /* ELCAssetTablePicker.xib */,
				61157AD41AD616A50074C6B6 /* Overlay.png */,
				61157AD51AD616A50074C6B6 /* Overlay@2x.png */,
			);
			path = Resources;
			sourceTree = "<group>";
		};
		611DA8441AC8E1B5008F8A1C /* Icon */ = {
			isa = PBXGroup;
			children = (
				61E9AABB1AE0D5CF00288FBD /* Exit-25.png */,
				61E9AABC1AE0D5CF00288FBD /* Trash-25.png */,
				61E9AAA91AE0D3B200288FBD /* icon2-29.png */,
				61E9AAAA1AE0D3B200288FBD /* icon2-40.png */,
				61E9AAAB1AE0D3B200288FBD /* icon2-58.png */,
				61E9AAAC1AE0D3B200288FBD /* icon2-76.png */,
				61E9AAAD1AE0D3B200288FBD /* icon2-80.png */,
				61E9AAAE1AE0D3B200288FBD /* icon2-87.png */,
				61E9AAAF1AE0D3B200288FBD /* icon2-120.png */,
				61E9AAB01AE0D3B200288FBD /* icon2-152.png */,
				61E9AAB11AE0D3B200288FBD /* icon2-180.png */,
				614C037D1ADFB37F000E6B36 /* Download From Cloud-25.png */,
				61EE20F31ADE2EC5009DCC1E /* 1ADMIN app front-01.png */,
				61C124591ADCE5EC0067ABDA /* Keyboard-100.png */,
				61C1245A1ADCE5EC0067ABDA /* QR Code-100.png */,
				61C124511ADCE0530067ABDA /* Add User-32.png */,
				61056FA91AD7C46C0097977A /* Comments-26a.png */,
				61157AEE1AD658BC0074C6B6 /* Photo Filled-32.png */,
				61157AEF1AD658BC0074C6B6 /* Stack Of Photos Filled-32.png */,
				61157AEC1AD658460074C6B6 /* New-32.png */,
			);
			name = Icon;
			sourceTree = "<group>";
		};
		61FF43981ACA4A0B004D5EB6 /* sound */ = {
			isa = PBXGroup;
			children = (
				61E9AABF1AE11AF800288FBD /* n9.caf */,
			);
			name = sound;
			sourceTree = "<group>";
		};
		81BA813C1A49DA1800E65899 = {
			isa = PBXGroup;
			children = (
				61157A731AD616770074C6B6 /* library */,
				61456D3C1ACD37E1008B976A /* CustomCell.swift */,
				6122830B1ACB95900053654A /* KeyChain.swift */,
				61FF43981ACA4A0B004D5EB6 /* sound */,
				611DA8441AC8E1B5008F8A1C /* Icon */,
				61BFE9F01AC3DB3A00F422AB /* Global.swift */,
				61BFE9EE1AC3D6D600F422AB /* SWXMLHash.swift */,
				61BFE9EC1AC3D69F00F422AB /* Connector.swift */,
				61BFE9EA1AC3D67B00F422AB /* HttpClient.swift */,
				81BA81471A49DA1800E65899 /* ParseStarterProject */,
				81BA816A1A49DB5600E65899 /* Frameworks */,
				81BA81461A49DA1800E65899 /* Products */,
			);
			sourceTree = "<group>";
		};
		81BA81461A49DA1800E65899 /* Products */ = {
			isa = PBXGroup;
			children = (
				81BA81451A49DA1800E65899 /* NanGang.app */,
			);
			name = Products;
			sourceTree = "<group>";
		};
		81BA81471A49DA1800E65899 /* ParseStarterProject */ = {
			isa = PBXGroup;
			children = (
				81BA814A1A49DA1800E65899 /* AppDelegate.swift */,
				61C124531ADCE0EF0067ABDA /* AddChildViewCtrl.swift */,
				6123A7D61AC4FEE200888C6C /* DetailViewCtrl.swift */,
				61157AF41AD65F200074C6B6 /* EmptyCtrl.swift */,
				61C1245F1ADCEB5B0067ABDA /* KeyinViewCtrl.swift */,
				61351F711AD76B20009705DB /* LastNewsCtrl.swift */,
				611D9B601ADB574A00456B7F /* LoginViewCtrl.swift */,
				61BFE9F41AC3EC9C00F422AB /* PreviewCtrl.swift */,
				613BC6B11ADCB19D005B783F /* TabBarCtrl.swift */,
				61C1245D1ADCEB2A0067ABDA /* ScanViewCtrl.swift */,
				61157AF21AD65EE80074C6B6 /* UploadCtrl.swift */,
				81BA814E1A49DA1800E65899 /* Main.storyboard */,
				81BA81511A49DA1800E65899 /* Images.xcassets */,
				81BA81481A49DA1800E65899 /* Supporting Files */,
				612CE05C1AD5357100B99541 /* Launch Screen.xib */,
			);
			path = ParseStarterProject;
			sourceTree = "<group>";
		};
		81BA81481A49DA1800E65899 /* Supporting Files */ = {
			isa = PBXGroup;
			children = (
				81BA81491A49DA1800E65899 /* Info.plist */,
				81BA81821A49E27F00E65899 /* ParseStarterProject-Bridging-Header.h */,
			);
			name = "Supporting Files";
			sourceTree = "<group>";
		};
		81BA816A1A49DB5600E65899 /* Frameworks */ = {
			isa = PBXGroup;
			children = (
				612CE05A1AD52B0400B99541 /* AssetsLibrary.framework */,
				81BA816B1A49DB6800E65899 /* Bolts.framework */,
				81BA816C1A49DB6800E65899 /* Parse.framework */,
				81BA816D1A49DB6800E65899 /* ParseCrashReporting.framework */,
				81BA816E1A49DB6800E65899 /* ParseFacebookUtils.framework */,
				81BA81801A49E10C00E65899 /* ParseUI.framework */,
				81BA81751A49E0C500E65899 /* System Frameworks */,
			);
			name = Frameworks;
			sourceTree = "<group>";
		};
		81BA81751A49E0C500E65899 /* System Frameworks */ = {
			isa = PBXGroup;
			children = (
				81BA817E1A49E0F000E65899 /* libstdc++.6.dylib */,
				81BA817C1A49E0EA00E65899 /* MobileCoreServices.framework */,
				81BA817A1A49E0E500E65899 /* SystemConfiguration.framework */,
				81BA81781A49E0DB00E65899 /* AudioToolbox.framework */,
				81BA81761A49E0D500E65899 /* libsqlite3.dylib */,
			);
			name = "System Frameworks";
			sourceTree = "<group>";
		};
/* End PBXGroup section */

/* Begin PBXNativeTarget section */
		81BA81441A49DA1800E65899 /* NanGang */ = {
			isa = PBXNativeTarget;
			buildConfigurationList = 81BA81641A49DA1800E65899 /* Build configuration list for PBXNativeTarget "NanGang" */;
			buildPhases = (
				81BA81411A49DA1800E65899 /* Sources */,
				81BA81421A49DA1800E65899 /* Frameworks */,
				81BA81431A49DA1800E65899 /* Resources */,
				81CC85E11A49F6D40076DE19 /* Upload Symbol Files */,
			);
			buildRules = (
			);
			dependencies = (
			);
			name = NanGang;
			productName = ParseStarterProject;
			productReference = 81BA81451A49DA1800E65899 /* NanGang.app */;
			productType = "com.apple.product-type.application";
		};
/* End PBXNativeTarget section */

/* Begin PBXProject section */
		81BA813D1A49DA1800E65899 /* Project object */ = {
			isa = PBXProject;
			attributes = {
				LastUpgradeCheck = 0610;
				ORGANIZATIONNAME = Parse;
				TargetAttributes = {
					81BA81441A49DA1800E65899 = {
						CreatedOnToolsVersion = 6.1.1;
						DevelopmentTeam = 3E2S2GG75G;
					};
				};
			};
			buildConfigurationList = 81BA81401A49DA1800E65899 /* Build configuration list for PBXProject "NanGang" */;
			compatibilityVersion = "Xcode 3.2";
			developmentRegion = English;
			hasScannedForEncodings = 0;
			knownRegions = (
				en,
				Base,
			);
			mainGroup = 81BA813C1A49DA1800E65899;
			productRefGroup = 81BA81461A49DA1800E65899 /* Products */;
			projectDirPath = "";
			projectRoot = "";
			targets = (
				81BA81441A49DA1800E65899 /* NanGang */,
			);
		};
/* End PBXProject section */

/* Begin PBXResourcesBuildPhase section */
		81BA81431A49DA1800E65899 /* Resources */ = {
			isa = PBXResourcesBuildPhase;
			buildActionMask = 2147483647;
			files = (
				61157ADD1AD616A50074C6B6 /* ELCAlbumPickerController.xib in Resources */,
				614C037F1ADFB37F000E6B36 /* Download From Cloud-25.png in Resources */,
				61E9AAB51AE0D3B200288FBD /* icon2-76.png in Resources */,
				61C1245C1ADCE5EC0067ABDA /* QR Code-100.png in Resources */,
				81BA81501A49DA1800E65899 /* Main.storyboard in Resources */,
				61157ADE1AD616A50074C6B6 /* ELCAssetPicker.xib in Resources */,
				61157AE01AD616A50074C6B6 /* Overlay.png in Resources */,
				612CE05D1AD5357100B99541 /* Launch Screen.xib in Resources */,
				61EE20F41ADE2EC5009DCC1E /* 1ADMIN app front-01.png in Resources */,
				61E9AAC01AE11AF800288FBD /* n9.caf in Resources */,
				61157AE11AD616A50074C6B6 /* Overlay@2x.png in Resources */,
				61E9AAB91AE0D3B200288FBD /* icon2-152.png in Resources */,
				61E9AABE1AE0D5CF00288FBD /* Trash-25.png in Resources */,
				61E9AABA1AE0D3B200288FBD /* icon2-180.png in Resources */,
				81BA81521A49DA1800E65899 /* Images.xcassets in Resources */,
				61E9AAB41AE0D3B200288FBD /* icon2-58.png in Resources */,
				61C124521ADCE0530067ABDA /* Add User-32.png in Resources */,
				61157AED1AD658460074C6B6 /* New-32.png in Resources */,
				61E9AABD1AE0D5CF00288FBD /* Exit-25.png in Resources */,
				61157AF11AD658BC0074C6B6 /* Stack Of Photos Filled-32.png in Resources */,
				61E9AAB71AE0D3B200288FBD /* icon2-87.png in Resources */,
				61C1245B1ADCE5EC0067ABDA /* Keyboard-100.png in Resources */,
				61E9AAB31AE0D3B200288FBD /* icon2-40.png in Resources */,
				61157ADF1AD616A50074C6B6 /* ELCAssetTablePicker.xib in Resources */,
				61157AF01AD658BC0074C6B6 /* Photo Filled-32.png in Resources */,
				61E9AAB21AE0D3B200288FBD /* icon2-29.png in Resources */,
				61E9AAB61AE0D3B200288FBD /* icon2-80.png in Resources */,
				61056FAA1AD7C46C0097977A /* Comments-26a.png in Resources */,
				61E9AAB81AE0D3B200288FBD /* icon2-120.png in Resources */,
			);
			runOnlyForDeploymentPostprocessing = 0;
		};
/* End PBXResourcesBuildPhase section */

/* Begin PBXShellScriptBuildPhase section */
		81CC85E11A49F6D40076DE19 /* Upload Symbol Files */ = {
			isa = PBXShellScriptBuildPhase;
			buildActionMask = 2147483647;
			files = (
			);
			inputPaths = (
			);
			name = "Upload Symbol Files";
			outputPaths = (
			);
			runOnlyForDeploymentPostprocessing = 0;
			shellPath = /bin/sh;
			shellScript = "# This script will upload symbol files for your application,\n# so all your crash reports are going to be symbolicated\n\n# Important!\n# Before using the script, please initialize CloudCode folder and replace <path_to_cloudcode_folder> with the path to it\n#\n# Read more on Parse.com - https://parse.com/apps/quickstart#analytics/crashreporting/ios/\n############################################################\n\n\n# export PATH=/usr/local/bin:$PATH\n# cd <path_to_cloudcode_folder>\n\n# parse symbols \"${DWARF_DSYM_FOLDER_PATH}/${DWARF_DSYM_FILE_NAME}\"\n";
		};
/* End PBXShellScriptBuildPhase section */

/* Begin PBXSourcesBuildPhase section */
		81BA81411A49DA1800E65899 /* Sources */ = {
			isa = PBXSourcesBuildPhase;
			buildActionMask = 2147483647;
			files = (
				61157ADA1AD616A50074C6B6 /* ELCConsole.m in Sources */,
				61456D3D1ACD37E1008B976A /* CustomCell.swift in Sources */,
				613BC6B21ADCB19D005B783F /* TabBarCtrl.swift in Sources */,
				611D9B611ADB574A00456B7F /* LoginViewCtrl.swift in Sources */,
				61BFE9ED1AC3D69F00F422AB /* Connector.swift in Sources */,
				61157AF31AD65EE80074C6B6 /* UploadCtrl.swift in Sources */,
				61C124601ADCEB5B0067ABDA /* KeyinViewCtrl.swift in Sources */,
				61BFE9F51AC3EC9C00F422AB /* PreviewCtrl.swift in Sources */,
				61C1245E1ADCEB2A0067ABDA /* ScanViewCtrl.swift in Sources */,
				61157ADC1AD616A50074C6B6 /* ELCOverlayImageView.m in Sources */,
				61351F721AD76B20009705DB /* LastNewsCtrl.swift in Sources */,
				61C124541ADCE0EF0067ABDA /* AddChildViewCtrl.swift in Sources */,
				61157AF51AD65F200074C6B6 /* EmptyCtrl.swift in Sources */,
				61BFE9F11AC3DB3A00F422AB /* Global.swift in Sources */,
				61157AD61AD616A50074C6B6 /* ELCAlbumPickerController.m in Sources */,
				61BFE9EB1AC3D67B00F422AB /* HttpClient.swift in Sources */,
				61BFE9EF1AC3D6D600F422AB /* SWXMLHash.swift in Sources */,
				61157AD91AD616A50074C6B6 /* ELCAssetTablePicker.m in Sources */,
				6122830C1ACB95900053654A /* KeyChain.swift in Sources */,
				81BA814B1A49DA1800E65899 /* AppDelegate.swift in Sources */,
				61157ADB1AD616A50074C6B6 /* ELCImagePickerController.m in Sources */,
				61157AD81AD616A50074C6B6 /* ELCAssetCell.m in Sources */,
				61157AD71AD616A50074C6B6 /* ELCAsset.m in Sources */,
				6123A7D71AC4FEE200888C6C /* DetailViewCtrl.swift in Sources */,
			);
			runOnlyForDeploymentPostprocessing = 0;
		};
/* End PBXSourcesBuildPhase section */

/* Begin PBXVariantGroup section */
		81BA814E1A49DA1800E65899 /* Main.storyboard */ = {
			isa = PBXVariantGroup;
			children = (
				81BA814F1A49DA1800E65899 /* Base */,
			);
			name = Main.storyboard;
			sourceTree = "<group>";
		};
/* End PBXVariantGroup section */

/* Begin XCBuildConfiguration section */
		81BA81621A49DA1800E65899 /* Debug */ = {
			isa = XCBuildConfiguration;
			buildSettings = {
				ALWAYS_SEARCH_USER_PATHS = NO;
				CLANG_CXX_LANGUAGE_STANDARD = "gnu++0x";
				CLANG_CXX_LIBRARY = "libc++";
				CLANG_ENABLE_MODULES = YES;
				CLANG_ENABLE_OBJC_ARC = YES;
				CLANG_WARN_BOOL_CONVERSION = YES;
				CLANG_WARN_CONSTANT_CONVERSION = YES;
				CLANG_WARN_DIRECT_OBJC_ISA_USAGE = YES_ERROR;
				CLANG_WARN_EMPTY_BODY = YES;
				CLANG_WARN_ENUM_CONVERSION = YES;
				CLANG_WARN_INT_CONVERSION = YES;
				CLANG_WARN_OBJC_ROOT_CLASS = YES_ERROR;
				CLANG_WARN_UNREACHABLE_CODE = YES;
				CLANG_WARN__DUPLICATE_METHOD_MATCH = YES;
				"CODE_SIGN_IDENTITY[sdk=iphoneos*]" = "iPhone Developer";
				COPY_PHASE_STRIP = NO;
				ENABLE_STRICT_OBJC_MSGSEND = YES;
				GCC_C_LANGUAGE_STANDARD = gnu99;
				GCC_DYNAMIC_NO_PIC = NO;
				GCC_OPTIMIZATION_LEVEL = 0;
				GCC_PREPROCESSOR_DEFINITIONS = (
					"DEBUG=1",
					"$(inherited)",
				);
				GCC_SYMBOLS_PRIVATE_EXTERN = NO;
				GCC_WARN_64_TO_32_BIT_CONVERSION = YES;
				GCC_WARN_ABOUT_RETURN_TYPE = YES_ERROR;
				GCC_WARN_UNDECLARED_SELECTOR = YES;
				GCC_WARN_UNINITIALIZED_AUTOS = YES_AGGRESSIVE;
				GCC_WARN_UNUSED_FUNCTION = YES;
				GCC_WARN_UNUSED_VARIABLE = YES;
				IPHONEOS_DEPLOYMENT_TARGET = 7.0;
				MTL_ENABLE_DEBUG_INFO = YES;
				ONLY_ACTIVE_ARCH = YES;
				SDKROOT = iphoneos;
				SWIFT_OPTIMIZATION_LEVEL = "-Onone";
				TARGETED_DEVICE_FAMILY = "1,2";
			};
			name = Debug;
		};
		81BA81631A49DA1800E65899 /* Release */ = {
			isa = XCBuildConfiguration;
			buildSettings = {
				ALWAYS_SEARCH_USER_PATHS = NO;
				CLANG_CXX_LANGUAGE_STANDARD = "gnu++0x";
				CLANG_CXX_LIBRARY = "libc++";
				CLANG_ENABLE_MODULES = YES;
				CLANG_ENABLE_OBJC_ARC = YES;
				CLANG_WARN_BOOL_CONVERSION = YES;
				CLANG_WARN_CONSTANT_CONVERSION = YES;
				CLANG_WARN_DIRECT_OBJC_ISA_USAGE = YES_ERROR;
				CLANG_WARN_EMPTY_BODY = YES;
				CLANG_WARN_ENUM_CONVERSION = YES;
				CLANG_WARN_INT_CONVERSION = YES;
				CLANG_WARN_OBJC_ROOT_CLASS = YES_ERROR;
				CLANG_WARN_UNREACHABLE_CODE = YES;
				CLANG_WARN__DUPLICATE_METHOD_MATCH = YES;
				"CODE_SIGN_IDENTITY[sdk=iphoneos*]" = "iPhone Developer";
				COPY_PHASE_STRIP = YES;
				ENABLE_NS_ASSERTIONS = NO;
				ENABLE_STRICT_OBJC_MSGSEND = YES;
				GCC_C_LANGUAGE_STANDARD = gnu99;
				GCC_WARN_64_TO_32_BIT_CONVERSION = YES;
				GCC_WARN_ABOUT_RETURN_TYPE = YES_ERROR;
				GCC_WARN_UNDECLARED_SELECTOR = YES;
				GCC_WARN_UNINITIALIZED_AUTOS = YES_AGGRESSIVE;
				GCC_WARN_UNUSED_FUNCTION = YES;
				GCC_WARN_UNUSED_VARIABLE = YES;
				IPHONEOS_DEPLOYMENT_TARGET = 7.0;
				MTL_ENABLE_DEBUG_INFO = NO;
				SDKROOT = iphoneos;
				TARGETED_DEVICE_FAMILY = "1,2";
				VALIDATE_PRODUCT = YES;
			};
			name = Release;
		};
		81BA81651A49DA1800E65899 /* Debug */ = {
			isa = XCBuildConfiguration;
			buildSettings = {
				ASSETCATALOG_COMPILER_APPICON_NAME = AppIcon;
				ASSETCATALOG_COMPILER_LAUNCHIMAGE_NAME = LaunchImage;
				FRAMEWORK_SEARCH_PATHS = (
					"$(inherited)",
					"$(PROJECT_DIR)",
				);
				INFOPLIST_FILE = ParseStarterProject/Info.plist;
				LD_RUNPATH_SEARCH_PATHS = "$(inherited) @executable_path/Frameworks";
				PRODUCT_NAME = NanGang;
				SWIFT_OBJC_BRIDGING_HEADER = "ParseStarterProject/ParseStarterProject-Bridging-Header.h";
				TARGETED_DEVICE_FAMILY = 1;
			};
			name = Debug;
		};
		81BA81661A49DA1800E65899 /* Release */ = {
			isa = XCBuildConfiguration;
			buildSettings = {
				ASSETCATALOG_COMPILER_APPICON_NAME = AppIcon;
				ASSETCATALOG_COMPILER_LAUNCHIMAGE_NAME = LaunchImage;
				FRAMEWORK_SEARCH_PATHS = (
					"$(inherited)",
					"$(PROJECT_DIR)",
				);
				INFOPLIST_FILE = ParseStarterProject/Info.plist;
				LD_RUNPATH_SEARCH_PATHS = "$(inherited) @executable_path/Frameworks";
				PRODUCT_NAME = NanGang;
				SWIFT_OBJC_BRIDGING_HEADER = "ParseStarterProject/ParseStarterProject-Bridging-Header.h";
				TARGETED_DEVICE_FAMILY = 1;
			};
			name = Release;
		};
/* End XCBuildConfiguration section */

/* Begin XCConfigurationList section */
		81BA81401A49DA1800E65899 /* Build configuration list for PBXProject "NanGang" */ = {
			isa = XCConfigurationList;
			buildConfigurations = (
				81BA81621A49DA1800E65899 /* Debug */,
				81BA81631A49DA1800E65899 /* Release */,
			);
			defaultConfigurationIsVisible = 0;
			defaultConfigurationName = Release;
		};
		81BA81641A49DA1800E65899 /* Build configuration list for PBXNativeTarget "NanGang" */ = {
			isa = XCConfigurationList;
			buildConfigurations = (
				81BA81651A49DA1800E65899 /* Debug */,
				81BA81661A49DA1800E65899 /* Release */,
			);
			defaultConfigurationIsVisible = 0;
			defaultConfigurationName = Release;
		};
/* End XCConfigurationList section */
	};
	rootObject = 81BA813D1A49DA1800E65899 /* Project object */;
}
